
Microsoft Visual Studio Solution File, Format Version 12.00
# Visual Studio 14
VisualStudioVersion = 14.0.25420.1
MinimumVisualStudioVersion = 10.0.40219.1
Project("{FAE04EC0-301F-11D3-BF4B-00C04F79EFBC}") = "DBUtility", "DBUtility\DBUtility.csproj", "{C3380038-424E-4036-8966-21CDFF0EBDC4}"
EndProject
Project("{FAE04EC0-301F-11D3-BF4B-00C04F79EFBC}") = "Model", "Model\Model.csproj", "{EC2A7098-9652-4D90-A25F-405502EB41FC}"
EndProject
Project("{FAE04EC0-301F-11D3-BF4B-00C04F79EFBC}") = "Web", "Web\Web.csproj", "{1053539C-6FE4-4579-BDCE-5159C1A2C614}"
EndProject
Project("{FAE04EC0-301F-11D3-BF4B-00C04F79EFBC}") = "DAL", "DAL\DAL.csproj", "{0CBF6105-98DE-4783-96D6-4911B2D9D22B}"
EndProject
Project("{FAE04EC0-301F-11D3-BF4B-00C04F79EFBC}") = "BLL", "BLL\BLL.csproj", "{1B5DEEFF-6A3A-40E1-92EA-53B44C84C1F5}"
EndProject
Project("{FAE04EC0-301F-11D3-BF4B-00C04F79EFBC}") = "Service", "Service\Service.csproj", "{8F0D3E9F-D2AE-4EE9-8DBA-6F83CAB2E493}"
EndProject
Global
	GlobalSection(SubversionScc) = preSolution
		Svn-Managed = True
		Manager = AnkhSVN - Subversion Support for Visual Studio
	EndGlobalSection
	GlobalSection(SolutionConfigurationPlatforms) = preSolution
		Debug|Any CPU = Debug|Any CPU
		Release|Any CPU = Release|Any CPU
	EndGlobalSection
	GlobalSection(ProjectConfigurationPlatforms) = postSolution
		{C3380038-424E-4036-8966-21CDFF0EBDC4}.Debug|Any CPU.ActiveCfg = Debug|Any CPU
		{C3380038-424E-4036-8966-21CDFF0EBDC4}.Debug|Any CPU.Build.0 = Debug|Any CPU
		{C3380038-424E-4036-8966-21CDFF0EBDC4}.Release|Any CPU.ActiveCfg = Release|Any CPU
		{C3380038-424E-4036-8966-21CDFF0EBDC4}.Release|Any CPU.Build.0 = Release|Any CPU
		{EC2A7098-9652-4D90-A25F-405502EB41FC}.Debug|Any CPU.ActiveCfg = Debug|Any CPU
		{EC2A7098-9652-4D90-A25F-405502EB41FC}.Debug|Any CPU.Build.0 = Debug|Any CPU
		{EC2A7098-9652-4D90-A25F-405502EB41FC}.Release|Any CPU.ActiveCfg = Release|Any CPU
		{EC2A7098-9652-4D90-A25F-405502EB41FC}.Release|Any CPU.Build.0 = Release|Any CPU
		{1053539C-6FE4-4579-BDCE-5159C1A2C614}.Debug|Any CPU.ActiveCfg = Debug|Any CPU
		{1053539C-6FE4-4579-BDCE-5159C1A2C614}.Debug|Any CPU.Build.0 = Debug|Any CPU
		{1053539C-6FE4-4579-BDCE-5159C1A2C614}.Release|Any CPU.ActiveCfg = Release|Any CPU
		{1053539C-6FE4-4579-BDCE-5159C1A2C614}.Release|Any CPU.Build.0 = Release|Any CPU
		{0CBF6105-98DE-4783-96D6-4911B2D9D22B}.Debug|Any CPU.ActiveCfg = Debug|Any CPU
		{0CBF6105-98DE-4783-96D6-4911B2D9D22B}.Debug|Any CPU.Build.0 = Debug|Any CPU
		{0CBF6105-98DE-4783-96D6-4911B2D9D22B}.Release|Any CPU.ActiveCfg = Release|Any CPU
		{0CBF6105-98DE-4783-96D6-4911B2D9D22B}.Release|Any CPU.Build.0 = Release|Any CPU
		{1B5DEEFF-6A3A-40E1-92EA-53B44C84C1F5}.Debug|Any CPU.ActiveCfg = Debug|Any CPU
		{1B5DEEFF-6A3A-40E1-92EA-53B44C84C1F5}.Debug|Any CPU.Build.0 = Debug|Any CPU
		{1B5DEEFF-6A3A-40E1-92EA-53B44C84C1F5}.Release|Any CPU.ActiveCfg = Release|Any CPU
		{1B5DEEFF-6A3A-40E1-92EA-53B44C84C1F5}.Release|Any CPU.Build.0 = Release|Any CPU
		{8F0D3E9F-D2AE-4EE9-8DBA-6F83CAB2E493}.Debug|Any CPU.ActiveCfg = Debug|Any CPU
		{8F0D3E9F-D2AE-4EE9-8DBA-6F83CAB2E493}.Debug|Any CPU.Build.0 = Debug|Any CPU
		{8F0D3E9F-D2AE-4EE9-8DBA-6F83CAB2E493}.Release|Any CPU.ActiveCfg = Release|Any CPU
		{8F0D3E9F-D2AE-4EE9-8DBA-6F83CAB2E493}.Release|Any CPU.Build.0 = Release|Any CPU
	EndGlobalSection
	GlobalSection(SolutionProperties) = preSolution
		HideSolutionNode = FALSE
	EndGlobalSection
	GlobalSection(ExtensibilityGlobals) = postSolution
		VisualSVNWorkingCopyRoot = .
	EndGlobalSection
EndGlobal
